
Microsoft Visual Studio Solution File, Format Version 12.00
# Visual Studio 15
VisualStudioVersion = 15.0.28307.421
MinimumVisualStudioVersion = 10.0.40219.1
Project("{FAE04EC0-301F-11D3-BF4B-00C04F79EFBC}") = "OnlineMathTest", "OnlineMathTest\OnlineMathTest.csproj", "{0336919F-AC35-4730-9279-2C6613947F5A}"
EndProject
Global
	GlobalSection(SolutionConfigurationPlatforms) = preSolution
		Debug|Any CPU = Debug|Any CPU
		Release|Any CPU = Release|Any CPU
	EndGlobalSection
	GlobalSection(ProjectConfigurationPlatforms) = postSolution
		{0336919F-AC35-4730-9279-2C6613947F5A}.Debug|Any CPU.ActiveCfg = Debug|Any CPU
		{0336919F-AC35-4730-9279-2C6613947F5A}.Debug|Any CPU.Build.0 = Debug|Any CPU
		{0336919F-AC35-4730-9279-2C6613947F5A}.Release|Any CPU.ActiveCfg = Release|Any CPU
		{0336919F-AC35-4730-9279-2C6613947F5A}.Release|Any CPU.Build.0 = Release|Any CPU
	EndGlobalSection
	GlobalSection(SolutionProperties) = preSolution
		HideSolutionNode = FALSE
	EndGlobalSection
	GlobalSection(ExtensibilityGlobals) = postSolution
		SolutionGuid = {F004D343-1410-4FD5-B2E5-BC1AEBF08787}
	EndGlobalSection
EndGlobal
